Microsoft Visual Studio Solution File, Format Version 10.00
# Visual Studio 2008
Project("{FAE04EC0-301F-11D3-BF4B-00C04F79EFBC}") = "WindowsFormsApplication32", "WindowsFormsApplication32\WindowsFormsApplication32.csproj", "{68298997-233B-417D-A5A1-4A3E04F7CC07}"
EndProject
Global
	GlobalSection(SolutionConfigurationPlatforms) = preSolution
		Debug|Any CPU = Debug|Any CPU
		Release|Any CPU = Release|Any CPU
	EndGlobalSection
	GlobalSection(ProjectConfigurationPlatforms) = postSolution
		{68298997-233B-417D-A5A1-4A3E04F7CC07}.Debug|Any CPU.ActiveCfg = Debug|Any CPU
		{68298997-233B-417D-A5A1-4A3E04F7CC07}.Debug|Any CPU.Build.0 = Debug|Any CPU
		{68298997-233B-417D-A5A1-4A3E04F7CC07}.Release|Any CPU.ActiveCfg = Release|Any CPU
		{68298997-233B-417D-A5A1-4A3E04F7CC07}.Release|Any CPU.Build.0 = Release|Any CPU
	EndGlobalSection
	GlobalSection(SolutionProperties) = preSolution
		HideSolutionNode = FALSE
	EndGlobalSection
EndGlobal
