Microsoft Visual Studio Solution File, Format Version 11.00
# Visual Studio 2010
Project("{F184B08F-C81C-45F6-A57F-5ABD9991F28F}") = "WindowsFormsApplication32", "WindowsFormsApplication32\WindowsFormsApplication32.vbproj", "{68298997-233B-417D-A5A1-4A3E04F7CC07}"
EndProject
Global
	GlobalSection(SolutionConfigurationPlatforms) = preSolution
		Debug|Any CPU = Debug|Any CPU
		Release|Any CPU = Release|Any CPU
	EndGlobalSection
	GlobalSection(ProjectConfigurationPlatforms) = postSolution
		{68298997-233B-417D-A5A1-4A3E04F7CC07}.Debug|Any CPU.ActiveCfg = Debug|Any CPU
		{68298997-233B-417D-A5A1-4A3E04F7CC07}.Debug|Any CPU.Build.0 = Debug|Any CPU
		{68298997-233B-417D-A5A1-4A3E04F7CC07}.Release|Any CPU.ActiveCfg = Release|Any CPU
		{68298997-233B-417D-A5A1-4A3E04F7CC07}.Release|Any CPU.Build.0 = Release|Any CPU
	EndGlobalSection
	GlobalSection(SolutionProperties) = preSolution
		HideSolutionNode = FALSE
	EndGlobalSection
EndGlobal
